
Microsoft Visual Studio Solution File, Format Version 12.00
# Visual Studio Version 17
VisualStudioVersion = 17.5.33414.496
MinimumVisualStudioVersion = 10.0.40219.1
Project("{9A19103F-16F7-4668-BE54-9A1E7A4F7556}") = "Simulated-Annealing", "ConsoleApp6\Simulated-Annealing.csproj", "{CD339787-E32C-47BB-8DC9-658F56F089FC}"
EndProject
Global
	GlobalSection(SolutionConfigurationPlatforms) = preSolution
		Debug|Any CPU = Debug|Any CPU
		Release|Any CPU = Release|Any CPU
	EndGlobalSection
	GlobalSection(ProjectConfigurationPlatforms) = postSolution
		{CD339787-E32C-47BB-8DC9-658F56F089FC}.Debug|Any CPU.ActiveCfg = Debug|Any CPU
		{CD339787-E32C-47BB-8DC9-658F56F089FC}.Debug|Any CPU.Build.0 = Debug|Any CPU
		{CD339787-E32C-47BB-8DC9-658F56F089FC}.Release|Any CPU.ActiveCfg = Release|Any CPU
		{CD339787-E32C-47BB-8DC9-658F56F089FC}.Release|Any CPU.Build.0 = Release|Any CPU
	EndGlobalSection
	GlobalSection(SolutionProperties) = preSolution
		HideSolutionNode = FALSE
	EndGlobalSection
	GlobalSection(ExtensibilityGlobals) = postSolution
		SolutionGuid = {AD1E4DAC-4B0A-42B0-BBE1-6D8C080AA13A}
	EndGlobalSection
EndGlobal
